
Microsoft Visual Studio Solution File, Format Version 12.00
# Visual Studio Version 16
VisualStudioVersion = 16.0.29519.87
MinimumVisualStudioVersion = 10.0.40219.1
Project("{FAE04EC0-301F-11D3-BF4B-00C04F79EFBC}") = "MusicPlayer3", "MusicPlayer3\MusicPlayer3.csproj", "{46CDC78E-0FB2-4A52-85AA-38DEC241645C}"
EndProject
Project("{FAE04EC0-301F-11D3-BF4B-00C04F79EFBC}") = "MahApps.Metro", "MahApps.Metro\MahApps.Metro.csproj", "{A619770A-A680-4A0D-AE64-5F0D9AD84450}"
EndProject
Global
	GlobalSection(SolutionConfigurationPlatforms) = preSolution
		Debug|Any CPU = Debug|Any CPU
		Release|Any CPU = Release|Any CPU
	EndGlobalSection
	GlobalSection(ProjectConfigurationPlatforms) = postSolution
		{46CDC78E-0FB2-4A52-85AA-38DEC241645C}.Debug|Any CPU.ActiveCfg = Debug|Any CPU
		{46CDC78E-0FB2-4A52-85AA-38DEC241645C}.Debug|Any CPU.Build.0 = Debug|Any CPU
		{46CDC78E-0FB2-4A52-85AA-38DEC241645C}.Release|Any CPU.ActiveCfg = Release|Any CPU
		{46CDC78E-0FB2-4A52-85AA-38DEC241645C}.Release|Any CPU.Build.0 = Release|Any CPU
		{A619770A-A680-4A0D-AE64-5F0D9AD84450}.Debug|Any CPU.ActiveCfg = Debug|Any CPU
		{A619770A-A680-4A0D-AE64-5F0D9AD84450}.Debug|Any CPU.Build.0 = Debug|Any CPU
		{A619770A-A680-4A0D-AE64-5F0D9AD84450}.Release|Any CPU.ActiveCfg = Release|Any CPU
		{A619770A-A680-4A0D-AE64-5F0D9AD84450}.Release|Any CPU.Build.0 = Release|Any CPU
	EndGlobalSection
	GlobalSection(SolutionProperties) = preSolution
		HideSolutionNode = FALSE
	EndGlobalSection
	GlobalSection(ExtensibilityGlobals) = postSolution
		SolutionGuid = {B1FE3E64-56A3-4C6F-804F-5D898D7A353A}
	EndGlobalSection
EndGlobal
